<?xml version="1.0" encoding="UTF-8"?>
<!DOCTYPE plist PUBLIC "-//Apple//DTD PLIST 1.0//EN" "http://www.apple.com/DTDs/PropertyList-1.0.dtd">
<plist version="1.0">
<dict>
	<key>archiveVersion</key>
	<string>1</string>
	<key>classes</key>
	<dict/>
	<key>objectVersion</key>
	<string>46</string>
	<key>objects</key>
	<dict>
		<key>03c83a5b44fc54d987416ffa</key>
		<dict>
			<key>fileRef</key>
			<string>6F2F0FF01ABDDF6700789DE2</string>
			<key>isa</key>
			<string>PBXBuildFile</string>
		</dict>
		<key>0405d67a217f73a320edabbc</key>
		<dict>
			<key>fileRef</key>
			<string>6F2F0FD11ABDD99200789DE2</string>
			<key>isa</key>
			<string>PBXBuildFile</string>
		</dict>
		<key>0407ac690891411f5226e19e</key>
		<dict>
			<key>fileRef</key>
			<string>6F2F0FD01ABDD99200789DE2</string>
			<key>isa</key>
			<string>PBXBuildFile</string>
		</dict>
		<key>20c073a7562c0bd2b0089401</key>
		<dict>
			<key>fileRef</key>
			<string>6F7AEED71AB5F9B90023F006</string>
			<key>isa</key>
			<string>PBXBuildFile</string>
		</dict>
		<key>244a959b564769195bc5d3c1</key>
		<dict>
			<key>fileRef</key>
			<string>6F2F0FC81ABDD99200789DE2</string>
			<key>isa</key>
			<string>PBXBuildFile</string>
		</dict>
		<key>2a0905d5c3eaa5401baaa984</key>
		<dict>
			<key>fileRef</key>
			<string>6F7AEEF91AB6174A0023F006</string>
			<key>isa</key>
			<string>PBXBuildFile</string>
		</dict>
		<key>2ab1c918ed398b1548b047fe</key>
		<dict>
			<key>fileRef</key>
			<string>6F2F0FD41ABDD99200789DE2</string>
			<key>isa</key>
			<string>PBXBuildFile</string>
		</dict>
		<key>2ace7faa6cc061d17d4273ca</key>
		<dict>
			<key>fileRef</key>
			<string>6F2F0FC91ABDD99200789DE2</string>
			<key>isa</key>
			<string>PBXBuildFile</string>
		</dict>
		<key>335f94365026d528fb0f7280</key>
		<dict>
			<key>fileRef</key>
			<string>6F2F0FCA1ABDD99200789DE2</string>
			<key>isa</key>
			<string>PBXBuildFile</string>
		</dict>
		<key>33d15d82301704ca61a3d779</key>
		<dict>
			<key>buildConfigurations</key>
			<array>
				<string>6fd8f8db2929b3bfe3acb074</string>
				<string>98992a924146abfec5e8517a</string>
			</array>
			<key>defaultConfigurationIsVisible</key>
			<string>0</string>
			<key>defaultConfigurationName</key>
			<string>Release</string>
			<key>isa</key>
			<string>XCConfigurationList</string>
		</dict>
		<key>37ec3bd6c8fe3690a034b6c2</key>
		<dict>
			<key>fileRef</key>
			<string>6F7AEED11AB5F9B90023F006</string>
			<key>isa</key>
			<string>PBXBuildFile</string>
		</dict>
		<key>4a903202098eefb6e1a4fd39</key>
		<dict>
			<key>fileRef</key>
			<string>6F2F0FCB1ABDD99200789DE2</string>
			<key>isa</key>
			<string>PBXBuildFile</string>
		</dict>
		<key>4c7f709843ab8b91dca3e873</key>
		<dict>
			<key>fileRef</key>
			<string>6F2F0FC51ABDC4CE00789DE2</string>
			<key>isa</key>
			<string>PBXBuildFile</string>
		</dict>
		<key>54b2cb643bc0bbf0fca263a6</key>
		<dict>
			<key>fileRef</key>
			<string>6F7AEEF61AB602260023F006</string>
			<key>isa</key>
			<string>PBXBuildFile</string>
		</dict>
		<key>5eeeab31c5699ae637f61794</key>
		<dict>
			<key>buildConfigurationList</key>
			<string>33d15d82301704ca61a3d779</string>
			<key>buildPhases</key>
			<array>
				<string>f1a447a8750d3e35e8b3ab50</string>
				<string>7d09ef3f259dc66129d6ee6b</string>
				<string>aa2ff50fe91991930a220aeb</string>
			</array>
			<key>buildRules</key>
			<array/>
			<key>dependencies</key>
			<array/>
			<key>isa</key>
			<string>PBXNativeTarget</string>
			<key>name</key>
			<string>LoginApp-cal</string>
			<key>productName</key>
			<string>LoginApp-cal</string>
			<key>productReference</key>
			<string>c702473ee257570445be465b</string>
			<key>productType</key>
			<string>com.apple.product-type.application</string>
		</dict>
		<key>654c766e6ba4326b0351cf09</key>
		<dict>
			<key>fileRef</key>
			<string>6F2F0FCE1ABDD99200789DE2</string>
			<key>isa</key>
			<string>PBXBuildFile</string>
		</dict>
		<key>6F2F0FB51ABD8BAB00789DE2</key>
		<dict>
			<key>isa</key>
			<string>PBXFileReference</string>
			<key>lastKnownFileType</key>
			<string>wrapper.framework</string>
			<key>name</key>
			<string>UIKit.framework</string>
			<key>path</key>
			<string>System/Library/Frameworks/UIKit.framework</string>
			<key>sourceTree</key>
			<string>SDKROOT</string>
		</dict>
		<key>6F2F0FB61ABD8BAB00789DE2</key>
		<dict>
			<key>fileRef</key>
			<string>6F2F0FB51ABD8BAB00789DE2</string>
			<key>isa</key>
			<string>PBXBuildFile</string>
		</dict>
		<key>6F2F0FB71ABD8BB200789DE2</key>
		<dict>
			<key>isa</key>
			<string>PBXFileReference</string>
			<key>lastKnownFileType</key>
			<string>wrapper.framework</string>
			<key>name</key>
			<string>QuartzCore.framework</string>
			<key>path</key>
			<string>System/Library/Frameworks/QuartzCore.framework</string>
			<key>sourceTree</key>
			<string>SDKROOT</string>
		</dict>
		<key>6F2F0FB81ABD8BB200789DE2</key>
		<dict>
			<key>fileRef</key>
			<string>6F2F0FB71ABD8BB200789DE2</string>
			<key>isa</key>
			<string>PBXBuildFile</string>
		</dict>
		<key>6F2F0FB91ABD97C700789DE2</key>
		<dict>
			<key>isa</key>
			<string>PBXFileReference</string>
			<key>lastKnownFileType</key>
			<string>wrapper.framework</string>
			<key>name</key>
			<string>AVFoundation.framework</string>
			<key>path</key>
			<string>System/Library/Frameworks/AVFoundation.framework</string>
			<key>sourceTree</key>
			<string>SDKROOT</string>
		</dict>
		<key>6F2F0FBB1ABD97ED00789DE2</key>
		<dict>
			<key>isa</key>
			<string>PBXFileReference</string>
			<key>lastKnownFileType</key>
			<string>wrapper.framework</string>
			<key>name</key>
			<string>Foundation.framework</string>
			<key>path</key>
			<string>System/Library/Frameworks/Foundation.framework</string>
			<key>sourceTree</key>
			<string>SDKROOT</string>
		</dict>
		<key>6F2F0FBC1ABD97ED00789DE2</key>
		<dict>
			<key>isa</key>
			<string>PBXFileReference</string>
			<key>lastKnownFileType</key>
			<string>wrapper.framework</string>
			<key>name</key>
			<string>InterfaceBuilderKit.framework</string>
			<key>path</key>
			<string>Library/Frameworks/InterfaceBuilderKit.framework</string>
			<key>sourceTree</key>
			<string>DEVELOPER_DIR</string>
		</dict>
		<key>6F2F0FC01ABDAB3B00789DE2</key>
		<dict>
			<key>fileEncoding</key>
			<string>4</string>
			<key>isa</key>
			<string>PBXFileReference</string>
			<key>lastKnownFileType</key>
			<string>sourcecode.c.h</string>
			<key>path</key>
			<string>TableViewCell.h</string>
			<key>sourceTree</key>
			<string>&lt;group&gt;</string>
		</dict>
		<key>6F2F0FC11ABDAB3B00789DE2</key>
		<dict>
			<key>fileEncoding</key>
			<string>4</string>
			<key>isa</key>
			<string>PBXFileReference</string>
			<key>lastKnownFileType</key>
			<string>sourcecode.c.objc</string>
			<key>path</key>
			<string>TableViewCell.m</string>
			<key>sourceTree</key>
			<string>&lt;group&gt;</string>
		</dict>
		<key>6F2F0FC21ABDAB3B00789DE2</key>
		<dict>
			<key>fileRef</key>
			<string>6F2F0FC11ABDAB3B00789DE2</string>
			<key>isa</key>
			<string>PBXBuildFile</string>
		</dict>
		<key>6F2F0FC41ABDC4CE00789DE2</key>
		<dict>
			<key>fileEncoding</key>
			<string>4</string>
			<key>isa</key>
			<string>PBXFileReference</string>
			<key>lastKnownFileType</key>
			<string>sourcecode.c.h</string>
			<key>path</key>
			<string>DetailViewController.h</string>
			<key>sourceTree</key>
			<string>&lt;group&gt;</string>
		</dict>
		<key>6F2F0FC51ABDC4CE00789DE2</key>
		<dict>
			<key>fileEncoding</key>
			<string>4</string>
			<key>isa</key>
			<string>PBXFileReference</string>
			<key>lastKnownFileType</key>
			<string>sourcecode.c.objc</string>
			<key>path</key>
			<string>DetailViewController.m</string>
			<key>sourceTree</key>
			<string>&lt;group&gt;</string>
		</dict>
		<key>6F2F0FC61ABDC4CE00789DE2</key>
		<dict>
			<key>fileRef</key>
			<string>6F2F0FC51ABDC4CE00789DE2</string>
			<key>isa</key>
			<string>PBXBuildFile</string>
		</dict>
		<key>6F2F0FC71ABDD99200789DE2</key>
		<dict>
			<key>children</key>
			<array>
				<string>6F2F0FC81ABDD99200789DE2</string>
				<string>6F2F0FC91ABDD99200789DE2</string>
				<string>6F2F0FCA1ABDD99200789DE2</string>
				<string>6F2F0FCB1ABDD99200789DE2</string>
				<string>6F2F0FCC1ABDD99200789DE2</string>
				<string>6F2F0FCD1ABDD99200789DE2</string>
				<string>6F2F0FCE1ABDD99200789DE2</string>
				<string>6F2F0FCF1ABDD99200789DE2</string>
				<string>6F2F0FD01ABDD99200789DE2</string>
				<string>6F2F0FD11ABDD99200789DE2</string>
				<string>6F2F0FD21ABDD99200789DE2</string>
				<string>6F2F0FD31ABDD99200789DE2</string>
				<string>6F2F0FD41ABDD99200789DE2</string>
			</array>
			<key>isa</key>
			<string>PBXGroup</string>
			<key>name</key>
			<string>heroes</string>
			<key>path</key>
			<string>Resources/heroes</string>
			<key>sourceTree</key>
			<string>SOURCE_ROOT</string>
		</dict>
		<key>6F2F0FC81ABDD99200789DE2</key>
		<dict>
			<key>isa</key>
			<string>PBXFileReference</string>
			<key>lastKnownFileType</key>
			<string>image.png</string>
			<key>path</key>
			<string>aquaman.png</string>
			<key>sourceTree</key>
			<string>&lt;group&gt;</string>
		</dict>
		<key>6F2F0FC91ABDD99200789DE2</key>
		<dict>
			<key>isa</key>
			<string>PBXFileReference</string>
			<key>lastKnownFileType</key>
			<string>image.png</string>
			<key>path</key>
			<string>batgirl.png</string>
			<key>sourceTree</key>
			<string>&lt;group&gt;</string>
		</dict>
		<key>6F2F0FCA1ABDD99200789DE2</key>
		<dict>
			<key>isa</key>
			<string>PBXFileReference</string>
			<key>lastKnownFileType</key>
			<string>image.png</string>
			<key>path</key>
			<string>batman.png</string>
			<key>sourceTree</key>
			<string>&lt;group&gt;</string>
		</dict>
		<key>6F2F0FCB1ABDD99200789DE2</key>
		<dict>
			<key>isa</key>
			<string>PBXFileReference</string>
			<key>lastKnownFileType</key>
			<string>image.png</string>
			<key>path</key>
			<string>blackwidow.png</string>
			<key>sourceTree</key>
			<string>&lt;group&gt;</string>
		</dict>
		<key>6F2F0FCC1ABDD99200789DE2</key>
		<dict>
			<key>isa</key>
			<string>PBXFileReference</string>
			<key>lastKnownFileType</key>
			<string>image.png</string>
			<key>path</key>
			<string>captain_america.png</string>
			<key>sourceTree</key>
			<string>&lt;group&gt;</string>
		</dict>
		<key>6F2F0FCD1ABDD99200789DE2</key>
		<dict>
			<key>isa</key>
			<string>PBXFileReference</string>
			<key>lastKnownFileType</key>
			<string>image.png</string>
			<key>path</key>
			<string>deadpool.png</string>
			<key>sourceTree</key>
			<string>&lt;group&gt;</string>
		</dict>
		<key>6F2F0FCE1ABDD99200789DE2</key>
		<dict>
			<key>isa</key>
			<string>PBXFileReference</string>
			<key>lastKnownFileType</key>
			<string>image.png</string>
			<key>path</key>
			<string>elektra.png</string>
			<key>sourceTree</key>
			<string>&lt;group&gt;</string>
		</dict>
		<key>6F2F0FCF1ABDD99200789DE2</key>
		<dict>
			<key>isa</key>
			<string>PBXFileReference</string>
			<key>lastKnownFileType</key>
			<string>image.png</string>
			<key>path</key>
			<string>Hawkeye.png</string>
			<key>sourceTree</key>
			<string>&lt;group&gt;</string>
		</dict>
		<key>6F2F0FD01ABDD99200789DE2</key>
		<dict>
			<key>isa</key>
			<string>PBXFileReference</string>
			<key>lastKnownFileType</key>
			<string>image.png</string>
			<key>path</key>
			<string>hulk.png</string>
			<key>sourceTree</key>
			<string>&lt;group&gt;</string>
		</dict>
		<key>6F2F0FD11ABDD99200789DE2</key>
		<dict>
			<key>isa</key>
			<string>PBXFileReference</string>
			<key>lastKnownFileType</key>
			<string>image.png</string>
			<key>path</key>
			<string>ironman.png</string>
			<key>sourceTree</key>
			<string>&lt;group&gt;</string>
		</dict>
		<key>6F2F0FD21ABDD99200789DE2</key>
		<dict>
			<key>isa</key>
			<string>PBXFileReference</string>
			<key>lastKnownFileType</key>
			<string>image.png</string>
			<key>path</key>
			<string>superman.png</string>
			<key>sourceTree</key>
			<string>&lt;group&gt;</string>
		</dict>
		<key>6F2F0FD31ABDD99200789DE2</key>
		<dict>
			<key>isa</key>
			<string>PBXFileReference</string>
			<key>lastKnownFileType</key>
			<string>image.png</string>
			<key>path</key>
			<string>thor.png</string>
			<key>sourceTree</key>
			<string>&lt;group&gt;</string>
		</dict>
		<key>6F2F0FD41ABDD99200789DE2</key>
		<dict>
			<key>isa</key>
			<string>PBXFileReference</string>
			<key>lastKnownFileType</key>
			<string>image.png</string>
			<key>path</key>
			<string>wonder_woman.png</string>
			<key>sourceTree</key>
			<string>&lt;group&gt;</string>
		</dict>
		<key>6F2F0FD51ABDD99200789DE2</key>
		<dict>
			<key>fileRef</key>
			<string>6F2F0FC81ABDD99200789DE2</string>
			<key>isa</key>
			<string>PBXBuildFile</string>
		</dict>
		<key>6F2F0FD71ABDD99200789DE2</key>
		<dict>
			<key>fileRef</key>
			<string>6F2F0FC91ABDD99200789DE2</string>
			<key>isa</key>
			<string>PBXBuildFile</string>
		</dict>
		<key>6F2F0FD91ABDD99200789DE2</key>
		<dict>
			<key>fileRef</key>
			<string>6F2F0FCA1ABDD99200789DE2</string>
			<key>isa</key>
			<string>PBXBuildFile</string>
		</dict>
		<key>6F2F0FDB1ABDD99200789DE2</key>
		<dict>
			<key>fileRef</key>
			<string>6F2F0FCB1ABDD99200789DE2</string>
			<key>isa</key>
			<string>PBXBuildFile</string>
		</dict>
		<key>6F2F0FDD1ABDD99200789DE2</key>
		<dict>
			<key>fileRef</key>
			<string>6F2F0FCC1ABDD99200789DE2</string>
			<key>isa</key>
			<string>PBXBuildFile</string>
		</dict>
		<key>6F2F0FDF1ABDD99200789DE2</key>
		<dict>
			<key>fileRef</key>
			<string>6F2F0FCD1ABDD99200789DE2</string>
			<key>isa</key>
			<string>PBXBuildFile</string>
		</dict>
		<key>6F2F0FE11ABDD99200789DE2</key>
		<dict>
			<key>fileRef</key>
			<string>6F2F0FCE1ABDD99200789DE2</string>
			<key>isa</key>
			<string>PBXBuildFile</string>
		</dict>
		<key>6F2F0FE31ABDD99200789DE2</key>
		<dict>
			<key>fileRef</key>
			<string>6F2F0FCF1ABDD99200789DE2</string>
			<key>isa</key>
			<string>PBXBuildFile</string>
		</dict>
		<key>6F2F0FE51ABDD99200789DE2</key>
		<dict>
			<key>fileRef</key>
			<string>6F2F0FD01ABDD99200789DE2</string>
			<key>isa</key>
			<string>PBXBuildFile</string>
		</dict>
		<key>6F2F0FE71ABDD99200789DE2</key>
		<dict>
			<key>fileRef</key>
			<string>6F2F0FD11ABDD99200789DE2</string>
			<key>isa</key>
			<string>PBXBuildFile</string>
		</dict>
		<key>6F2F0FE91ABDD99200789DE2</key>
		<dict>
			<key>fileRef</key>
			<string>6F2F0FD21ABDD99200789DE2</string>
			<key>isa</key>
			<string>PBXBuildFile</string>
		</dict>
		<key>6F2F0FEB1ABDD99200789DE2</key>
		<dict>
			<key>fileRef</key>
			<string>6F2F0FD31ABDD99200789DE2</string>
			<key>isa</key>
			<string>PBXBuildFile</string>
		</dict>
		<key>6F2F0FED1ABDD99200789DE2</key>
		<dict>
			<key>fileRef</key>
			<string>6F2F0FD41ABDD99200789DE2</string>
			<key>isa</key>
			<string>PBXBuildFile</string>
		</dict>
		<key>6F2F0FEF1ABDDF6700789DE2</key>
		<dict>
			<key>children</key>
			<array>
				<string>6F2F0FF01ABDDF6700789DE2</string>
				<string>6F2F0FF11ABDDF6700789DE2</string>
			</array>
			<key>isa</key>
			<string>PBXGroup</string>
			<key>name</key>
			<string>blur-backgorund</string>
			<key>path</key>
			<string>Resources/blur-backgorund</string>
			<key>sourceTree</key>
			<string>SOURCE_ROOT</string>
		</dict>
		<key>6F2F0FF01ABDDF6700789DE2</key>
		<dict>
			<key>isa</key>
			<string>PBXFileReference</string>
			<key>lastKnownFileType</key>
			<string>image.jpeg</string>
			<key>path</key>
			<string>black-blur.jpg</string>
			<key>sourceTree</key>
			<string>&lt;group&gt;</string>
		</dict>
		<key>6F2F0FF11ABDDF6700789DE2</key>
		<dict>
			<key>isa</key>
			<string>PBXFileReference</string>
			<key>lastKnownFileType</key>
			<string>image.jpeg</string>
			<key>path</key>
			<string>blue-blur.jpg</string>
			<key>sourceTree</key>
			<string>&lt;group&gt;</string>
		</dict>
		<key>6F2F0FF21ABDDF6700789DE2</key>
		<dict>
			<key>fileRef</key>
			<string>6F2F0FF01ABDDF6700789DE2</string>
			<key>isa</key>
			<string>PBXBuildFile</string>
		</dict>
		<key>6F2F0FF41ABDDF6700789DE2</key>
		<dict>
			<key>fileRef</key>
			<string>6F2F0FF11ABDDF6700789DE2</string>
			<key>isa</key>
			<string>PBXBuildFile</string>
		</dict>
		<key>6F7AEEC31AB5F9B90023F006</key>
		<dict>
			<key>children</key>
			<array>
				<string>6F7AEEF81AB617400023F006</string>
				<string>6F7AEECE1AB5F9B90023F006</string>
				<string>6F7AEEE81AB5F9B90023F006</string>
				<string>6F7AEECD1AB5F9B90023F006</string>
			</array>
			<key>isa</key>
			<string>PBXGroup</string>
			<key>sourceTree</key>
			<string>&lt;group&gt;</string>
		</dict>
		<key>6F7AEEC41AB5F9B90023F006</key>
		<dict>
			<key>attributes</key>
			<dict>
				<key>LastUpgradeCheck</key>
				<string>0610</string>
				<key>ORGANIZATIONNAME</key>
				<string>Sofia Swidarowicz</string>
				<key>TargetAttributes</key>
				<dict>
					<key>6F7AEECB1AB5F9B90023F006</key>
					<dict>
						<key>CreatedOnToolsVersion</key>
						<string>6.1.1</string>
					</dict>
					<key>6F7AEEE41AB5F9B90023F006</key>
					<dict>
						<key>CreatedOnToolsVersion</key>
						<string>6.1.1</string>
						<key>TestTargetID</key>
						<string>6F7AEECB1AB5F9B90023F006</string>
					</dict>
				</dict>
			</dict>
			<key>buildConfigurationList</key>
			<string>6F7AEEC71AB5F9B90023F006</string>
			<key>compatibilityVersion</key>
			<string>Xcode 3.2</string>
			<key>developmentRegion</key>
			<string>English</string>
			<key>hasScannedForEncodings</key>
			<string>0</string>
			<key>isa</key>
			<string>PBXProject</string>
			<key>knownRegions</key>
			<array>
				<string>en</string>
				<string>Base</string>
			</array>
			<key>mainGroup</key>
			<string>6F7AEEC31AB5F9B90023F006</string>
			<key>productRefGroup</key>
			<string>6F7AEECD1AB5F9B90023F006</string>
			<key>projectDirPath</key>
			<string></string>
			<key>projectRoot</key>
			<string></string>
			<key>targets</key>
			<array>
				<string>6F7AEECB1AB5F9B90023F006</string>
				<string>6F7AEEE41AB5F9B90023F006</string>
				<string>5eeeab31c5699ae637f61794</string>
			</array>
		</dict>
		<key>6F7AEEC71AB5F9B90023F006</key>
		<dict>
			<key>buildConfigurations</key>
			<array>
				<string>6F7AEEED1AB5F9B90023F006</string>
				<string>6F7AEEEE1AB5F9B90023F006</string>
			</array>
			<key>defaultConfigurationIsVisible</key>
			<string>0</string>
			<key>defaultConfigurationName</key>
			<string>Release</string>
			<key>isa</key>
			<string>XCConfigurationList</string>
		</dict>
		<key>6F7AEEC81AB5F9B90023F006</key>
		<dict>
			<key>buildActionMask</key>
			<string>2147483647</string>
			<key>files</key>
			<array>
				<string>6FA29D7C1ABC924400B47471</string>
				<string>6F2F0FC21ABDAB3B00789DE2</string>
				<string>6F7AEED81AB5F9B90023F006</string>
				<string>6F7AEED51AB5F9B90023F006</string>
				<string>6F7AEED21AB5F9B90023F006</string>
				<string>6F7AEEF71AB602260023F006</string>
				<string>6F2F0FC61ABDC4CE00789DE2</string>
			</array>
			<key>isa</key>
			<string>PBXSourcesBuildPhase</string>
			<key>runOnlyForDeploymentPostprocessing</key>
			<string>0</string>
		</dict>
		<key>6F7AEEC91AB5F9B90023F006</key>
		<dict>
			<key>buildActionMask</key>
			<string>2147483647</string>
			<key>files</key>
			<array>
				<string>6F2F0FB81ABD8BB200789DE2</string>
				<string>6F2F0FB61ABD8BAB00789DE2</string>
				<string>6F7AEEFA1AB6174A0023F006</string>
			</array>
			<key>isa</key>
			<string>PBXFrameworksBuildPhase</string>
			<key>runOnlyForDeploymentPostprocessing</key>
			<string>0</string>
		</dict>
		<key>6F7AEECA1AB5F9B90023F006</key>
		<dict>
			<key>buildActionMask</key>
			<string>2147483647</string>
			<key>files</key>
			<array>
				<string>6F2F0FE71ABDD99200789DE2</string>
				<string>6F2F0FD71ABDD99200789DE2</string>
				<string>6F7AEEDB1AB5F9B90023F006</string>
				<string>6F2F0FED1ABDD99200789DE2</string>
				<string>6F2F0FD91ABDD99200789DE2</string>
				<string>6F7AEEE01AB5F9B90023F006</string>
				<string>6F2F0FE11ABDD99200789DE2</string>
				<string>6F2F0FDB1ABDD99200789DE2</string>
				<string>6F2F0FF41ABDDF6700789DE2</string>
				<string>6F2F0FD51ABDD99200789DE2</string>
				<string>6F2F0FF21ABDDF6700789DE2</string>
				<string>6F2F0FDF1ABDD99200789DE2</string>
				<string>6F7AEEDD1AB5F9B90023F006</string>
				<string>6F2F0FDD1ABDD99200789DE2</string>
				<string>6F2F0FEB1ABDD99200789DE2</string>
				<string>6F2F0FE31ABDD99200789DE2</string>
				<string>6F2F0FE91ABDD99200789DE2</string>
				<string>6F2F0FE51ABDD99200789DE2</string>
			</array>
			<key>isa</key>
			<string>PBXResourcesBuildPhase</string>
			<key>runOnlyForDeploymentPostprocessing</key>
			<string>0</string>
		</dict>
		<key>6F7AEECB1AB5F9B90023F006</key>
		<dict>
			<key>buildConfigurationList</key>
			<string>6F7AEEEF1AB5F9B90023F006</string>
			<key>buildPhases</key>
			<array>
				<string>6F7AEEC81AB5F9B90023F006</string>
				<string>6F7AEEC91AB5F9B90023F006</string>
				<string>6F7AEECA1AB5F9B90023F006</string>
			</array>
			<key>buildRules</key>
			<array/>
			<key>dependencies</key>
			<array/>
			<key>isa</key>
			<string>PBXNativeTarget</string>
			<key>name</key>
			<string>LoginApp</string>
			<key>productName</key>
			<string>LoginApp</string>
			<key>productReference</key>
			<string>6F7AEECC1AB5F9B90023F006</string>
			<key>productType</key>
			<string>com.apple.product-type.application</string>
		</dict>
		<key>6F7AEECC1AB5F9B90023F006</key>
		<dict>
			<key>explicitFileType</key>
			<string>wrapper.application</string>
			<key>includeInIndex</key>
			<string>0</string>
			<key>isa</key>
			<string>PBXFileReference</string>
			<key>path</key>
			<string>LoginApp.app</string>
			<key>sourceTree</key>
			<string>BUILT_PRODUCTS_DIR</string>
		</dict>
		<key>6F7AEECD1AB5F9B90023F006</key>
		<dict>
			<key>children</key>
			<array>
				<string>6F7AEECC1AB5F9B90023F006</string>
				<string>6F7AEEE51AB5F9B90023F006</string>
			</array>
			<key>isa</key>
			<string>PBXGroup</string>
			<key>name</key>
			<string>Products</string>
			<key>sourceTree</key>
			<string>&lt;group&gt;</string>
		</dict>
		<key>6F7AEECE1AB5F9B90023F006</key>
		<dict>
			<key>children</key>
			<array>
				<string>6F7AEED31AB5F9B90023F006</string>
				<string>6F7AEED41AB5F9B90023F006</string>
				<string>6F7AEED61AB5F9B90023F006</string>
				<string>6F7AEED71AB5F9B90023F006</string>
				<string>6F7AEEF51AB602260023F006</string>
				<string>6F7AEEF61AB602260023F006</string>
				<string>6F2F0FC41ABDC4CE00789DE2</string>
				<string>6F2F0FC51ABDC4CE00789DE2</string>
				<string>6F2F0FC01ABDAB3B00789DE2</string>
				<string>6F2F0FC11ABDAB3B00789DE2</string>
				<string>6F7AEED91AB5F9B90023F006</string>
				<string>6F7AEEDC1AB5F9B90023F006</string>
				<string>6F7AEEDE1AB5F9B90023F006</string>
				<string>6F7AEECF1AB5F9B90023F006</string>
				<string>6FA29D7A1ABC924400B47471</string>
				<string>6FA29D7B1ABC924400B47471</string>
			</array>
			<key>isa</key>
			<string>PBXGroup</string>
			<key>path</key>
			<string>LoginApp</string>
			<key>sourceTree</key>
			<string>&lt;group&gt;</string>
		</dict>
		<key>6F7AEECF1AB5F9B90023F006</key>
		<dict>
			<key>children</key>
			<array>
				<string>6F2F0FEF1ABDDF6700789DE2</string>
				<string>6F2F0FC71ABDD99200789DE2</string>
				<string>6F7AEED01AB5F9B90023F006</string>
				<string>6F7AEED11AB5F9B90023F006</string>
			</array>
			<key>isa</key>
			<string>PBXGroup</string>
			<key>name</key>
			<string>Supporting Files</string>
			<key>sourceTree</key>
			<string>&lt;group&gt;</string>
		</dict>
		<key>6F7AEED01AB5F9B90023F006</key>
		<dict>
			<key>isa</key>
			<string>PBXFileReference</string>
			<key>lastKnownFileType</key>
			<string>text.plist.xml</string>
			<key>path</key>
			<string>Info.plist</string>
			<key>sourceTree</key>
			<string>&lt;group&gt;</string>
		</dict>
		<key>6F7AEED11AB5F9B90023F006</key>
		<dict>
			<key>isa</key>
			<string>PBXFileReference</string>
			<key>lastKnownFileType</key>
			<string>sourcecode.c.objc</string>
			<key>path</key>
			<string>main.m</string>
			<key>sourceTree</key>
			<string>&lt;group&gt;</string>
		</dict>
		<key>6F7AEED21AB5F9B90023F006</key>
		<dict>
			<key>fileRef</key>
			<string>6F7AEED11AB5F9B90023F006</string>
			<key>isa</key>
			<string>PBXBuildFile</string>
		</dict>
		<key>6F7AEED31AB5F9B90023F006</key>
		<dict>
			<key>isa</key>
			<string>PBXFileReference</string>
			<key>lastKnownFileType</key>
			<string>sourcecode.c.h</string>
			<key>path</key>
			<string>AppDelegate.h</string>
			<key>sourceTree</key>
			<string>&lt;group&gt;</string>
		</dict>
		<key>6F7AEED41AB5F9B90023F006</key>
		<dict>
			<key>isa</key>
			<string>PBXFileReference</string>
			<key>lastKnownFileType</key>
			<string>sourcecode.c.objc</string>
			<key>path</key>
			<string>AppDelegate.m</string>
			<key>sourceTree</key>
			<string>&lt;group&gt;</string>
		</dict>
		<key>6F7AEED51AB5F9B90023F006</key>
		<dict>
			<key>fileRef</key>
			<string>6F7AEED41AB5F9B90023F006</string>
			<key>isa</key>
			<string>PBXBuildFile</string>
		</dict>
		<key>6F7AEED61AB5F9B90023F006</key>
		<dict>
			<key>isa</key>
			<string>PBXFileReference</string>
			<key>lastKnownFileType</key>
			<string>sourcecode.c.h</string>
			<key>path</key>
			<string>LoginViewController.h</string>
			<key>sourceTree</key>
			<string>&lt;group&gt;</string>
		</dict>
		<key>6F7AEED71AB5F9B90023F006</key>
		<dict>
			<key>isa</key>
			<string>PBXFileReference</string>
			<key>lastKnownFileType</key>
			<string>sourcecode.c.objc</string>
			<key>path</key>
			<string>LoginViewController.m</string>
			<key>sourceTree</key>
			<string>&lt;group&gt;</string>
		</dict>
		<key>6F7AEED81AB5F9B90023F006</key>
		<dict>
			<key>fileRef</key>
			<string>6F7AEED71AB5F9B90023F006</string>
			<key>isa</key>
			<string>PBXBuildFile</string>
		</dict>
		<key>6F7AEED91AB5F9B90023F006</key>
		<dict>
			<key>children</key>
			<array>
				<string>6F7AEEDA1AB5F9B90023F006</string>
			</array>
			<key>isa</key>
			<string>PBXVariantGroup</string>
			<key>name</key>
			<string>Main.storyboard</string>
			<key>sourceTree</key>
			<string>&lt;group&gt;</string>
		</dict>
		<key>6F7AEEDA1AB5F9B90023F006</key>
		<dict>
			<key>isa</key>
			<string>PBXFileReference</string>
			<key>lastKnownFileType</key>
			<string>file.storyboard</string>
			<key>name</key>
			<string>Base</string>
			<key>path</key>
			<string>Base.lproj/Main.storyboard</string>
			<key>sourceTree</key>
			<string>&lt;group&gt;</string>
		</dict>
		<key>6F7AEEDB1AB5F9B90023F006</key>
		<dict>
			<key>fileRef</key>
			<string>6F7AEED91AB5F9B90023F006</string>
			<key>isa</key>
			<string>PBXBuildFile</string>
		</dict>
		<key>6F7AEEDC1AB5F9B90023F006</key>
		<dict>
			<key>isa</key>
			<string>PBXFileReference</string>
			<key>lastKnownFileType</key>
			<string>folder.assetcatalog</string>
			<key>path</key>
			<string>Images.xcassets</string>
			<key>sourceTree</key>
			<string>&lt;group&gt;</string>
		</dict>
		<key>6F7AEEDD1AB5F9B90023F006</key>
		<dict>
			<key>fileRef</key>
			<string>6F7AEEDC1AB5F9B90023F006</string>
			<key>isa</key>
			<string>PBXBuildFile</string>
		</dict>
		<key>6F7AEEDE1AB5F9B90023F006</key>
		<dict>
			<key>children</key>
			<array>
				<string>6F7AEEDF1AB5F9B90023F006</string>
			</array>
			<key>isa</key>
			<string>PBXVariantGroup</string>
			<key>name</key>
			<string>LaunchScreen.xib</string>
			<key>sourceTree</key>
			<string>&lt;group&gt;</string>
		</dict>
		<key>6F7AEEDF1AB5F9B90023F006</key>
		<dict>
			<key>isa</key>
			<string>PBXFileReference</string>
			<key>lastKnownFileType</key>
			<string>file.xib</string>
			<key>name</key>
			<string>Base</string>
			<key>path</key>
			<string>Base.lproj/LaunchScreen.xib</string>
			<key>sourceTree</key>
			<string>&lt;group&gt;</string>
		</dict>
		<key>6F7AEEE01AB5F9B90023F006</key>
		<dict>
			<key>fileRef</key>
			<string>6F7AEEDE1AB5F9B90023F006</string>
			<key>isa</key>
			<string>PBXBuildFile</string>
		</dict>
		<key>6F7AEEE11AB5F9B90023F006</key>
		<dict>
			<key>buildActionMask</key>
			<string>2147483647</string>
			<key>files</key>
			<array>
				<string>6F7AEEEC1AB5F9B90023F006</string>
			</array>
			<key>isa</key>
			<string>PBXSourcesBuildPhase</string>
			<key>runOnlyForDeploymentPostprocessing</key>
			<string>0</string>
		</dict>
		<key>6F7AEEE21AB5F9B90023F006</key>
		<dict>
			<key>buildActionMask</key>
			<string>2147483647</string>
			<key>files</key>
			<array/>
			<key>isa</key>
			<string>PBXFrameworksBuildPhase</string>
			<key>runOnlyForDeploymentPostprocessing</key>
			<string>0</string>
		</dict>
		<key>6F7AEEE31AB5F9B90023F006</key>
		<dict>
			<key>buildActionMask</key>
			<string>2147483647</string>
			<key>files</key>
			<array/>
			<key>isa</key>
			<string>PBXResourcesBuildPhase</string>
			<key>runOnlyForDeploymentPostprocessing</key>
			<string>0</string>
		</dict>
		<key>6F7AEEE41AB5F9B90023F006</key>
		<dict>
			<key>buildConfigurationList</key>
			<string>6F7AEEF21AB5F9B90023F006</string>
			<key>buildPhases</key>
			<array>
				<string>6F7AEEE11AB5F9B90023F006</string>
				<string>6F7AEEE21AB5F9B90023F006</string>
				<string>6F7AEEE31AB5F9B90023F006</string>
			</array>
			<key>buildRules</key>
			<array/>
			<key>dependencies</key>
			<array>
				<string>6F7AEEE71AB5F9B90023F006</string>
			</array>
			<key>isa</key>
			<string>PBXNativeTarget</string>
			<key>name</key>
			<string>LoginAppTests</string>
			<key>productName</key>
			<string>LoginAppTests</string>
			<key>productReference</key>
			<string>6F7AEEE51AB5F9B90023F006</string>
			<key>productType</key>
			<string>com.apple.product-type.bundle.unit-test</string>
		</dict>
		<key>6F7AEEE51AB5F9B90023F006</key>
		<dict>
			<key>explicitFileType</key>
			<string>wrapper.cfbundle</string>
			<key>includeInIndex</key>
			<string>0</string>
			<key>isa</key>
			<string>PBXFileReference</string>
			<key>path</key>
			<string>LoginAppTests.xctest</string>
			<key>sourceTree</key>
			<string>BUILT_PRODUCTS_DIR</string>
		</dict>
		<key>6F7AEEE61AB5F9B90023F006</key>
		<dict>
			<key>containerPortal</key>
			<string>6F7AEEC41AB5F9B90023F006</string>
			<key>isa</key>
			<string>PBXContainerItemProxy</string>
			<key>proxyType</key>
			<string>1</string>
			<key>remoteGlobalIDString</key>
			<string>6F7AEECB1AB5F9B90023F006</string>
			<key>remoteInfo</key>
			<string>LoginApp</string>
		</dict>
		<key>6F7AEEE71AB5F9B90023F006</key>
		<dict>
			<key>isa</key>
			<string>PBXTargetDependency</string>
			<key>target</key>
			<string>6F7AEECB1AB5F9B90023F006</string>
			<key>targetProxy</key>
			<string>6F7AEEE61AB5F9B90023F006</string>
		</dict>
		<key>6F7AEEE81AB5F9B90023F006</key>
		<dict>
			<key>children</key>
			<array>
				<string>6F7AEEEB1AB5F9B90023F006</string>
				<string>6F7AEEE91AB5F9B90023F006</string>
			</array>
			<key>isa</key>
			<string>PBXGroup</string>
			<key>path</key>
			<string>LoginAppTests</string>
			<key>sourceTree</key>
			<string>&lt;group&gt;</string>
		</dict>
		<key>6F7AEEE91AB5F9B90023F006</key>
		<dict>
			<key>children</key>
			<array>
				<string>6F7AEEEA1AB5F9B90023F006</string>
			</array>
			<key>isa</key>
			<string>PBXGroup</string>
			<key>name</key>
			<string>Supporting Files</string>
			<key>sourceTree</key>
			<string>&lt;group&gt;</string>
		</dict>
		<key>6F7AEEEA1AB5F9B90023F006</key>
		<dict>
			<key>isa</key>
			<string>PBXFileReference</string>
			<key>lastKnownFileType</key>
			<string>text.plist.xml</string>
			<key>path</key>
			<string>Info.plist</string>
			<key>sourceTree</key>
			<string>&lt;group&gt;</string>
		</dict>
		<key>6F7AEEEB1AB5F9B90023F006</key>
		<dict>
			<key>isa</key>
			<string>PBXFileReference</string>
			<key>lastKnownFileType</key>
			<string>sourcecode.c.objc</string>
			<key>path</key>
			<string>LoginAppTests.m</string>
			<key>sourceTree</key>
			<string>&lt;group&gt;</string>
		</dict>
		<key>6F7AEEEC1AB5F9B90023F006</key>
		<dict>
			<key>fileRef</key>
			<string>6F7AEEEB1AB5F9B90023F006</string>
			<key>isa</key>
			<string>PBXBuildFile</string>
		</dict>
		<key>6F7AEEED1AB5F9B90023F006</key>
		<dict>
			<key>buildSettings</key>
			<dict>
				<key>ALWAYS_SEARCH_USER_PATHS</key>
				<string>NO</string>
				<key>ARCHS</key>
				<array>
					<string>$(ARCHS_STANDARD)</string>
					<string>armv7</string>
					<string>armv7s</string>
				</array>
				<key>CLANG_CXX_LANGUAGE_STANDARD</key>
				<string>gnu++0x</string>
				<key>CLANG_CXX_LIBRARY</key>
				<string>libc++</string>
				<key>CLANG_ENABLE_MODULES</key>
				<string>YES</string>
				<key>CLANG_ENABLE_OBJC_ARC</key>
				<string>YES</string>
				<key>CLANG_WARN_BOOL_CONVERSION</key>
				<string>YES</string>
				<key>CLANG_WARN_CONSTANT_CONVERSION</key>
				<string>YES</string>
				<key>CLANG_WARN_DIRECT_OBJC_ISA_USAGE</key>
				<string>YES_ERROR</string>
				<key>CLANG_WARN_EMPTY_BODY</key>
				<string>YES</string>
				<key>CLANG_WARN_ENUM_CONVERSION</key>
				<string>YES</string>
				<key>CLANG_WARN_INT_CONVERSION</key>
				<string>YES</string>
				<key>CLANG_WARN_OBJC_ROOT_CLASS</key>
				<string>YES_ERROR</string>
				<key>CLANG_WARN_UNREACHABLE_CODE</key>
				<string>YES</string>
				<key>CLANG_WARN__DUPLICATE_METHOD_MATCH</key>
				<string>YES</string>
				<key>CODE_SIGN_IDENTITY[sdk=iphoneos*]</key>
				<string>iPhone Developer</string>
				<key>COPY_PHASE_STRIP</key>
				<string>NO</string>
				<key>ENABLE_STRICT_OBJC_MSGSEND</key>
				<string>YES</string>
				<key>GCC_C_LANGUAGE_STANDARD</key>
				<string>gnu99</string>
				<key>GCC_DYNAMIC_NO_PIC</key>
				<string>NO</string>
				<key>GCC_OPTIMIZATION_LEVEL</key>
				<string>0</string>
				<key>GCC_PREPROCESSOR_DEFINITIONS</key>
				<array>
					<string>DEBUG=1</string>
					<string>$(inherited)</string>
				</array>
				<key>GCC_SYMBOLS_PRIVATE_EXTERN</key>
				<string>NO</string>
				<key>GCC_WARN_64_TO_32_BIT_CONVERSION</key>
				<string>YES</string>
				<key>GCC_WARN_ABOUT_RETURN_TYPE</key>
				<string>YES_ERROR</string>
				<key>GCC_WARN_UNDECLARED_SELECTOR</key>
				<string>YES</string>
				<key>GCC_WARN_UNINITIALIZED_AUTOS</key>
				<string>YES_AGGRESSIVE</string>
				<key>GCC_WARN_UNUSED_FUNCTION</key>
				<string>YES</string>
				<key>GCC_WARN_UNUSED_VARIABLE</key>
				<string>YES</string>
				<key>IPHONEOS_DEPLOYMENT_TARGET</key>
				<string>8.1</string>
				<key>MTL_ENABLE_DEBUG_INFO</key>
				<string>YES</string>
				<key>ONLY_ACTIVE_ARCH</key>
				<string>NO</string>
				<key>SDKROOT</key>
				<string>iphoneos</string>
				<key>VALID_ARCHS</key>
				<string>armv7 armv7s</string>
			</dict>
			<key>isa</key>
			<string>XCBuildConfiguration</string>
			<key>name</key>
			<string>Debug</string>
		</dict>
		<key>6F7AEEEE1AB5F9B90023F006</key>
		<dict>
			<key>buildSettings</key>
			<dict>
				<key>ALWAYS_SEARCH_USER_PATHS</key>
				<string>NO</string>
				<key>ARCHS</key>
				<array>
					<string>$(ARCHS_STANDARD)</string>
					<string>armv7</string>
					<string>armv7s</string>
				</array>
				<key>CLANG_CXX_LANGUAGE_STANDARD</key>
				<string>gnu++0x</string>
				<key>CLANG_CXX_LIBRARY</key>
				<string>libc++</string>
				<key>CLANG_ENABLE_MODULES</key>
				<string>YES</string>
				<key>CLANG_ENABLE_OBJC_ARC</key>
				<string>YES</string>
				<key>CLANG_WARN_BOOL_CONVERSION</key>
				<string>YES</string>
				<key>CLANG_WARN_CONSTANT_CONVERSION</key>
				<string>YES</string>
				<key>CLANG_WARN_DIRECT_OBJC_ISA_USAGE</key>
				<string>YES_ERROR</string>
				<key>CLANG_WARN_EMPTY_BODY</key>
				<string>YES</string>
				<key>CLANG_WARN_ENUM_CONVERSION</key>
				<string>YES</string>
				<key>CLANG_WARN_INT_CONVERSION</key>
				<string>YES</string>
				<key>CLANG_WARN_OBJC_ROOT_CLASS</key>
				<string>YES_ERROR</string>
				<key>CLANG_WARN_UNREACHABLE_CODE</key>
				<string>YES</string>
				<key>CLANG_WARN__DUPLICATE_METHOD_MATCH</key>
				<string>YES</string>
				<key>CODE_SIGN_IDENTITY[sdk=iphoneos*]</key>
				<string>iPhone Developer</string>
				<key>COPY_PHASE_STRIP</key>
				<string>YES</string>
				<key>ENABLE_NS_ASSERTIONS</key>
				<string>NO</string>
				<key>ENABLE_STRICT_OBJC_MSGSEND</key>
				<string>YES</string>
				<key>GCC_C_LANGUAGE_STANDARD</key>
				<string>gnu99</string>
				<key>GCC_WARN_64_TO_32_BIT_CONVERSION</key>
				<string>YES</string>
				<key>GCC_WARN_ABOUT_RETURN_TYPE</key>
				<string>YES_ERROR</string>
				<key>GCC_WARN_UNDECLARED_SELECTOR</key>
				<string>YES</string>
				<key>GCC_WARN_UNINITIALIZED_AUTOS</key>
				<string>YES_AGGRESSIVE</string>
				<key>GCC_WARN_UNUSED_FUNCTION</key>
				<string>YES</string>
				<key>GCC_WARN_UNUSED_VARIABLE</key>
				<string>YES</string>
				<key>IPHONEOS_DEPLOYMENT_TARGET</key>
				<string>8.1</string>
				<key>MTL_ENABLE_DEBUG_INFO</key>
				<string>NO</string>
				<key>SDKROOT</key>
				<string>iphoneos</string>
				<key>VALIDATE_PRODUCT</key>
				<string>YES</string>
				<key>VALID_ARCHS</key>
				<string>armv7 armv7s</string>
			</dict>
			<key>isa</key>
			<string>XCBuildConfiguration</string>
			<key>name</key>
			<string>Release</string>
		</dict>
		<key>6F7AEEEF1AB5F9B90023F006</key>
		<dict>
			<key>buildConfigurations</key>
			<array>
				<string>6F7AEEF01AB5F9B90023F006</string>
				<string>6F7AEEF11AB5F9B90023F006</string>
			</array>
			<key>defaultConfigurationIsVisible</key>
			<string>0</string>
			<key>defaultConfigurationName</key>
			<string>Release</string>
			<key>isa</key>
			<string>XCConfigurationList</string>
		</dict>
		<key>6F7AEEF01AB5F9B90023F006</key>
		<dict>
			<key>buildSettings</key>
			<dict>
				<key>ARCHS</key>
				<array>
					<string>$(ARCHS_STANDARD)</string>
					<string>armv7</string>
					<string>armv7s</string>
				</array>
				<key>ASSETCATALOG_COMPILER_APPICON_NAME</key>
				<string>AppIcon</string>
				<key>FRAMEWORK_SEARCH_PATHS</key>
				<array>
					<string>$(inherited)</string>
					<string>$(PROJECT_DIR)</string>
				</array>
				<key>INFOPLIST_FILE</key>
				<string>LoginApp/Info.plist</string>
				<key>LD_RUNPATH_SEARCH_PATHS</key>
				<string>$(inherited) @executable_path/Frameworks</string>
				<key>ONLY_ACTIVE_ARCH</key>
				<string>NO</string>
				<key>PRODUCT_NAME</key>
				<string>$(TARGET_NAME)</string>
				<key>VALID_ARCHS</key>
				<string>armv7 armv7s</string>
			</dict>
			<key>isa</key>
			<string>XCBuildConfiguration</string>
			<key>name</key>
			<string>Debug</string>
		</dict>
		<key>6F7AEEF11AB5F9B90023F006</key>
		<dict>
			<key>buildSettings</key>
			<dict>
				<key>ARCHS</key>
				<array>
					<string>$(ARCHS_STANDARD)</string>
					<string>armv7</string>
					<string>armv7s</string>
				</array>
				<key>ASSETCATALOG_COMPILER_APPICON_NAME</key>
				<string>AppIcon</string>
				<key>FRAMEWORK_SEARCH_PATHS</key>
				<array>
					<string>$(inherited)</string>
					<string>$(PROJECT_DIR)</string>
				</array>
				<key>INFOPLIST_FILE</key>
				<string>LoginApp/Info.plist</string>
				<key>LD_RUNPATH_SEARCH_PATHS</key>
				<string>$(inherited) @executable_path/Frameworks</string>
				<key>PRODUCT_NAME</key>
				<string>$(TARGET_NAME)</string>
				<key>VALID_ARCHS</key>
				<string>armv7 armv7s</string>
			</dict>
			<key>isa</key>
			<string>XCBuildConfiguration</string>
			<key>name</key>
			<string>Release</string>
		</dict>
		<key>6F7AEEF21AB5F9B90023F006</key>
		<dict>
			<key>buildConfigurations</key>
			<array>
				<string>6F7AEEF31AB5F9B90023F006</string>
				<string>6F7AEEF41AB5F9B90023F006</string>
			</array>
			<key>defaultConfigurationIsVisible</key>
			<string>0</string>
			<key>defaultConfigurationName</key>
			<string>Release</string>
			<key>isa</key>
			<string>XCConfigurationList</string>
		</dict>
		<key>6F7AEEF31AB5F9B90023F006</key>
		<dict>
			<key>buildSettings</key>
			<dict>
				<key>BUNDLE_LOADER</key>
				<string>$(TEST_HOST)</string>
				<key>FRAMEWORK_SEARCH_PATHS</key>
				<array>
					<string>$(SDKROOT)/Developer/Library/Frameworks</string>
					<string>$(inherited)</string>
				</array>
				<key>GCC_PREPROCESSOR_DEFINITIONS</key>
				<array>
					<string>DEBUG=1</string>
					<string>$(inherited)</string>
				</array>
				<key>INFOPLIST_FILE</key>
				<string>LoginAppTests/Info.plist</string>
				<key>LD_RUNPATH_SEARCH_PATHS</key>
				<string>$(inherited) @executable_path/Frameworks @loader_path/Frameworks</string>
				<key>PRODUCT_NAME</key>
				<string>$(TARGET_NAME)</string>
				<key>TEST_HOST</key>
				<string>$(BUILT_PRODUCTS_DIR)/LoginApp.app/LoginApp</string>
			</dict>
			<key>isa</key>
			<string>XCBuildConfiguration</string>
			<key>name</key>
			<string>Debug</string>
		</dict>
		<key>6F7AEEF41AB5F9B90023F006</key>
		<dict>
			<key>buildSettings</key>
			<dict>
				<key>BUNDLE_LOADER</key>
				<string>$(TEST_HOST)</string>
				<key>FRAMEWORK_SEARCH_PATHS</key>
				<array>
					<string>$(SDKROOT)/Developer/Library/Frameworks</string>
					<string>$(inherited)</string>
				</array>
				<key>INFOPLIST_FILE</key>
				<string>LoginAppTests/Info.plist</string>
				<key>LD_RUNPATH_SEARCH_PATHS</key>
				<string>$(inherited) @executable_path/Frameworks @loader_path/Frameworks</string>
				<key>PRODUCT_NAME</key>
				<string>$(TARGET_NAME)</string>
				<key>TEST_HOST</key>
				<string>$(BUILT_PRODUCTS_DIR)/LoginApp.app/LoginApp</string>
			</dict>
			<key>isa</key>
			<string>XCBuildConfiguration</string>
			<key>name</key>
			<string>Release</string>
		</dict>
		<key>6F7AEEF51AB602260023F006</key>
		<dict>
			<key>fileEncoding</key>
			<string>4</string>
			<key>isa</key>
			<string>PBXFileReference</string>
			<key>lastKnownFileType</key>
			<string>sourcecode.c.h</string>
			<key>path</key>
			<string>DashboardViewController.h</string>
			<key>sourceTree</key>
			<string>&lt;group&gt;</string>
		</dict>
		<key>6F7AEEF61AB602260023F006</key>
		<dict>
			<key>fileEncoding</key>
			<string>4</string>
			<key>isa</key>
			<string>PBXFileReference</string>
			<key>lastKnownFileType</key>
			<string>sourcecode.c.objc</string>
			<key>path</key>
			<string>DashboardViewController.m</string>
			<key>sourceTree</key>
			<string>&lt;group&gt;</string>
		</dict>
		<key>6F7AEEF71AB602260023F006</key>
		<dict>
			<key>fileRef</key>
			<string>6F7AEEF61AB602260023F006</string>
			<key>isa</key>
			<string>PBXBuildFile</string>
		</dict>
		<key>6F7AEEF81AB617400023F006</key>
		<dict>
			<key>children</key>
			<array>
				<string>6F2F0FBB1ABD97ED00789DE2</string>
				<string>6F2F0FBC1ABD97ED00789DE2</string>
				<string>6F2F0FB91ABD97C700789DE2</string>
				<string>6F2F0FB71ABD8BB200789DE2</string>
				<string>6F2F0FB51ABD8BAB00789DE2</string>
				<string>6F7AEEF91AB6174A0023F006</string>
				<string>e3c05dcbc94c397b35369896</string>
			</array>
			<key>isa</key>
			<string>PBXGroup</string>
			<key>name</key>
			<string>Frameworks</string>
			<key>path</key>
			<string></string>
			<key>sourceTree</key>
			<string>&lt;group&gt;</string>
		</dict>
		<key>6F7AEEF91AB6174A0023F006</key>
		<dict>
			<key>isa</key>
			<string>PBXFileReference</string>
			<key>lastKnownFileType</key>
			<string>wrapper.framework</string>
			<key>path</key>
			<string>calabash.framework</string>
			<key>sourceTree</key>
			<string>&lt;group&gt;</string>
		</dict>
		<key>6F7AEEFA1AB6174A0023F006</key>
		<dict>
			<key>fileRef</key>
			<string>6F7AEEF91AB6174A0023F006</string>
			<key>isa</key>
			<string>PBXBuildFile</string>
		</dict>
		<key>6FA29D7A1ABC924400B47471</key>
		<dict>
			<key>fileEncoding</key>
			<string>4</string>
			<key>isa</key>
			<string>PBXFileReference</string>
			<key>lastKnownFileType</key>
			<string>sourcecode.c.h</string>
			<key>name</key>
			<string>MockedValues.h</string>
			<key>path</key>
			<string>Mocked/MockedValues.h</string>
			<key>sourceTree</key>
			<string>&lt;group&gt;</string>
		</dict>
		<key>6FA29D7B1ABC924400B47471</key>
		<dict>
			<key>fileEncoding</key>
			<string>4</string>
			<key>isa</key>
			<string>PBXFileReference</string>
			<key>lastKnownFileType</key>
			<string>sourcecode.c.objc</string>
			<key>name</key>
			<string>MockedValues.m</string>
			<key>path</key>
			<string>Mocked/MockedValues.m</string>
			<key>sourceTree</key>
			<string>&lt;group&gt;</string>
		</dict>
		<key>6FA29D7C1ABC924400B47471</key>
		<dict>
			<key>fileRef</key>
			<string>6FA29D7B1ABC924400B47471</string>
			<key>isa</key>
			<string>PBXBuildFile</string>
		</dict>
		<key>6c1dfc8d37937e48360acf98</key>
		<dict>
			<key>fileRef</key>
			<string>6F2F0FCD1ABDD99200789DE2</string>
			<key>isa</key>
			<string>PBXBuildFile</string>
		</dict>
		<key>6fd8f8db2929b3bfe3acb074</key>
		<dict>
			<key>buildSettings</key>
			<dict>
				<key>ARCHS</key>
				<array>
					<string>$(ARCHS_STANDARD)</string>
					<string>armv7</string>
					<string>armv7s</string>
				</array>
				<key>ASSETCATALOG_COMPILER_APPICON_NAME</key>
				<string>AppIcon</string>
				<key>FRAMEWORK_SEARCH_PATHS</key>
				<array>
					<string>$(inherited)</string>
					<string>$(PROJECT_DIR)</string>
					<string>"$(SRCROOT)"</string>
				</array>
				<key>INFOPLIST_FILE</key>
				<string>LoginApp/Info.plist</string>
				<key>LD_RUNPATH_SEARCH_PATHS</key>
				<string>$(inherited) @executable_path/Frameworks</string>
				<key>ONLY_ACTIVE_ARCH</key>
				<string>NO</string>
				<key>OTHER_LDFLAGS</key>
				<array>
					<string>$(inherited)</string>
					<string>-force_load</string>
					<string>"$(SRCROOT)/calabash.framework/calabash"</string>
					<string>-lstdc++</string>
				</array>
				<key>PRODUCT_NAME</key>
				<string>$(TARGET_NAME)</string>
				<key>VALID_ARCHS</key>
				<string>armv7 armv7s</string>
			</dict>
			<key>isa</key>
			<string>XCBuildConfiguration</string>
			<key>name</key>
			<string>Debug</string>
		</dict>
		<key>7d09ef3f259dc66129d6ee6b</key>
		<dict>
			<key>buildActionMask</key>
			<string>2147483647</string>
			<key>files</key>
			<array>
				<string>92d87510a1a929a3bb4df2f9</string>
				<string>afa54ee86f03d58e19e4eb2b</string>
				<string>2a0905d5c3eaa5401baaa984</string>
				<string>b17b425850ff69696647d155</string>
			</array>
			<key>isa</key>
			<string>PBXFrameworksBuildPhase</string>
			<key>runOnlyForDeploymentPostprocessing</key>
			<string>0</string>
		</dict>
		<key>92d87510a1a929a3bb4df2f9</key>
		<dict>
			<key>fileRef</key>
			<string>6F2F0FB71ABD8BB200789DE2</string>
			<key>isa</key>
			<string>PBXBuildFile</string>
		</dict>
		<key>92f51b0d439ab857b04d9391</key>
		<dict>
			<key>fileRef</key>
			<string>6F7AEED91AB5F9B90023F006</string>
			<key>isa</key>
			<string>PBXBuildFile</string>
		</dict>
		<key>95b19d120f5c3d751a61fc42</key>
		<dict>
			<key>fileRef</key>
			<string>6F7AEEDE1AB5F9B90023F006</string>
			<key>isa</key>
			<string>PBXBuildFile</string>
		</dict>
		<key>98992a924146abfec5e8517a</key>
		<dict>
			<key>buildSettings</key>
			<dict>
				<key>ARCHS</key>
				<array>
					<string>$(ARCHS_STANDARD)</string>
					<string>armv7</string>
					<string>armv7s</string>
				</array>
				<key>ASSETCATALOG_COMPILER_APPICON_NAME</key>
				<string>AppIcon</string>
				<key>FRAMEWORK_SEARCH_PATHS</key>
				<array>
					<string>$(inherited)</string>
					<string>$(PROJECT_DIR)</string>
					<string>"$(SRCROOT)"</string>
				</array>
				<key>INFOPLIST_FILE</key>
				<string>LoginApp/Info.plist</string>
				<key>LD_RUNPATH_SEARCH_PATHS</key>
				<string>$(inherited) @executable_path/Frameworks</string>
				<key>OTHER_LDFLAGS</key>
				<array>
					<string>$(inherited)</string>
					<string>-force_load</string>
					<string>"$(SRCROOT)/calabash.framework/calabash"</string>
					<string>-lstdc++</string>
				</array>
				<key>PRODUCT_NAME</key>
				<string>$(TARGET_NAME)</string>
				<key>VALID_ARCHS</key>
				<string>armv7 armv7s</string>
			</dict>
			<key>isa</key>
			<string>XCBuildConfiguration</string>
			<key>name</key>
			<string>Release</string>
		</dict>
		<key>9969d10c56e02012c64f2847</key>
		<dict>
			<key>fileRef</key>
			<string>6F2F0FD31ABDD99200789DE2</string>
			<key>isa</key>
			<string>PBXBuildFile</string>
		</dict>
		<key>99d296fc423947046852d087</key>
		<dict>
			<key>fileRef</key>
			<string>6F2F0FC11ABDAB3B00789DE2</string>
			<key>isa</key>
			<string>PBXBuildFile</string>
		</dict>
		<key>aa2ff50fe91991930a220aeb</key>
		<dict>
			<key>buildActionMask</key>
			<string>2147483647</string>
			<key>files</key>
			<array>
				<string>0405d67a217f73a320edabbc</string>
				<string>2ace7faa6cc061d17d4273ca</string>
				<string>92f51b0d439ab857b04d9391</string>
				<string>2ab1c918ed398b1548b047fe</string>
				<string>335f94365026d528fb0f7280</string>
				<string>95b19d120f5c3d751a61fc42</string>
				<string>654c766e6ba4326b0351cf09</string>
				<string>4a903202098eefb6e1a4fd39</string>
				<string>db879f0d0d423ba2aeaaf27e</string>
				<string>244a959b564769195bc5d3c1</string>
				<string>03c83a5b44fc54d987416ffa</string>
				<string>6c1dfc8d37937e48360acf98</string>
				<string>d25ea13a3505a6e5d26dd888</string>
				<string>be5d8692d92c8e0c3463c69e</string>
				<string>9969d10c56e02012c64f2847</string>
				<string>f6d997a0b2e850875b4d43c3</string>
				<string>aef80f7a1d57a9652c5fd7ce</string>
				<string>0407ac690891411f5226e19e</string>
			</array>
			<key>isa</key>
			<string>PBXResourcesBuildPhase</string>
			<key>runOnlyForDeploymentPostprocessing</key>
			<string>0</string>
		</dict>
		<key>aef80f7a1d57a9652c5fd7ce</key>
		<dict>
			<key>fileRef</key>
			<string>6F2F0FD21ABDD99200789DE2</string>
			<key>isa</key>
			<string>PBXBuildFile</string>
		</dict>
		<key>afa54ee86f03d58e19e4eb2b</key>
		<dict>
			<key>fileRef</key>
			<string>6F2F0FB51ABD8BAB00789DE2</string>
			<key>isa</key>
			<string>PBXBuildFile</string>
		</dict>
		<key>b17b425850ff69696647d155</key>
		<dict>
			<key>fileRef</key>
			<string>e3c05dcbc94c397b35369896</string>
			<key>isa</key>
			<string>PBXBuildFile</string>
		</dict>
		<key>be5d8692d92c8e0c3463c69e</key>
		<dict>
			<key>fileRef</key>
			<string>6F2F0FCC1ABDD99200789DE2</string>
			<key>isa</key>
			<string>PBXBuildFile</string>
		</dict>
		<key>c4786d796631d95854efda79</key>
		<dict>
			<key>fileRef</key>
			<string>6FA29D7B1ABC924400B47471</string>
			<key>isa</key>
			<string>PBXBuildFile</string>
		</dict>
		<key>c702473ee257570445be465b</key>
		<dict>
			<key>explicitFileType</key>
			<string>wrapper.application</string>
			<key>includeInIndex</key>
			<string>0</string>
			<key>isa</key>
			<string>PBXFileReference</string>
			<key>path</key>
			<string>LoginApp-cal.app</string>
			<key>sourceTree</key>
			<string>BUILT_PRODUCTS_DIR</string>
		</dict>
		<key>d25ea13a3505a6e5d26dd888</key>
		<dict>
			<key>fileRef</key>
			<string>6F7AEEDC1AB5F9B90023F006</string>
			<key>isa</key>
			<string>PBXBuildFile</string>
		</dict>
		<key>db879f0d0d423ba2aeaaf27e</key>
		<dict>
			<key>fileRef</key>
			<string>6F2F0FF11ABDDF6700789DE2</string>
			<key>isa</key>
			<string>PBXBuildFile</string>
		</dict>
		<key>e3c05dcbc94c397b35369896</key>
		<dict>
			<key>fileEncoding</key>
			<string>4</string>
			<key>isa</key>
			<string>PBXFileReference</string>
			<key>lastKnownFileType</key>
			<string>wrapper.framework</string>
			<key>name</key>
			<string>CFNetwork.framework</string>
			<key>path</key>
			<string>System/Library/Frameworks/CFNetwork.framework</string>
			<key>sourceTree</key>
			<string>SDKROOT</string>
		</dict>
		<key>e6388db11fcf0668c82a137c</key>
		<dict>
			<key>fileRef</key>
			<string>6F7AEED41AB5F9B90023F006</string>
			<key>isa</key>
			<string>PBXBuildFile</string>
		</dict>
		<key>f1a447a8750d3e35e8b3ab50</key>
		<dict>
			<key>buildActionMask</key>
			<string>2147483647</string>
			<key>files</key>
			<array>
				<string>c4786d796631d95854efda79</string>
				<string>99d296fc423947046852d087</string>
				<string>20c073a7562c0bd2b0089401</string>
				<string>e6388db11fcf0668c82a137c</string>
				<string>37ec3bd6c8fe3690a034b6c2</string>
				<string>54b2cb643bc0bbf0fca263a6</string>
				<string>4c7f709843ab8b91dca3e873</string>
			</array>
			<key>isa</key>
			<string>PBXSourcesBuildPhase</string>
			<key>runOnlyForDeploymentPostprocessing</key>
			<string>0</string>
		</dict>
		<key>f6d997a0b2e850875b4d43c3</key>
		<dict>
			<key>fileRef</key>
			<string>6F2F0FCF1ABDD99200789DE2</string>
			<key>isa</key>
			<string>PBXBuildFile</string>
		</dict>
	</dict>
	<key>rootObject</key>
	<string>6F7AEEC41AB5F9B90023F006</string>
</dict>
</plist>
